# This file was autogenerated by Stack.
# You should not edit this file by hand.
# For more information, please see the documentation at:
#   https://docs.haskellstack.org/en/stable/lock_files

packages:
- completed:
    hackage: llvm-hs-pretty-0.9.0.0@sha256:b7a5de5f3dd97893d19d2b47af1e4dd8d075a5cf57062180a912d1f3ef1def60,1671
    pantry-tree:
      size: 4685
      sha256: 8cf6d628bb4f962575ad0993bb1010e9989cea00b325b8a45ac35ac201061386
  original:
    hackage: llvm-hs-pretty-0.9.0.0@sha256:b7a5de5f3dd97893d19d2b47af1e4dd8d075a5cf57062180a912d1f3ef1def60,1671
- completed:
    hackage: base-noprelude-4.13.0.0@sha256:3cccbfda38e1422ca5cc436d58858ba51ff9114d2ed87915a6569be11e4e5a90,6842
    pantry-tree:
      size: 112
      sha256: 90db92c8401880187ce642c5345407bcbd9546ea235524dd445cab2566ee3db1
  original:
    hackage: base-noprelude-4.13.0.0@sha256:3cccbfda38e1422ca5cc436d58858ba51ff9114d2ed87915a6569be11e4e5a90,6842
snapshots:
- completed:
    size: 586069
    url: https://raw.githubusercontent.com/commercialhaskell/stackage-snapshots/master/lts/18/14.yaml
    sha256: 87842ecbaa8ca9cee59a7e6be52369dbed82ed075cb4e0d152614a627e8fd488
  original: lts-18.14
