# This file was autogenerated by Stack.
# You should not edit this file by hand.
# For more information, please see the documentation at:
#   https://docs.haskellstack.org/en/stable/lock_files

packages:
- completed:
    name: protolude
    version: 0.3.1
    git: https://github.com/protolude/protolude.git
    pantry-tree:
      size: 3146
      sha256: 685ed0191298da9540e772ffa746eb078d4f4a77ed8012a9933d3c79644b1054
    commit: 3e249724fd0ead27370c8c297b1ecd38f92cbd5b
  original:
    git: https://github.com/protolude/protolude.git
    commit: 3e249724fd0ead27370c8c297b1ecd38f92cbd5b
snapshots:
- completed:
    size: 618683
    url: https://raw.githubusercontent.com/commercialhaskell/stackage-snapshots/master/lts/19/4.yaml
    sha256: d4ee004c46ba878d2f304f5d748d493057be579192a8d148527f3ba55c9df57f
  original: lts-19.4
